
Microsoft Visual Studio Solution File, Format Version 12.00
Project("{FAE04EC0-301F-11D3-BF4B-00C04F79EFBC}") = "WebApi", "WebApi\WebApi.csproj", "{B8A7AF3D-9A43-4D73-B1A4-F8731DCC7976}"
EndProject
Project("{FAE04EC0-301F-11D3-BF4B-00C04F79EFBC}") = "AuthService", "AuthService\AuthService.csproj", "{F832E68D-2011-4B3D-A4DD-72B8BBB682C3}"
EndProject
Project("{2150E333-8FDC-42A3-9474-1A3956D46DE8}") = "Auth", "Auth", "{74AD39E9-E519-4A68-A9F2-80EB929CAE98}"
EndProject
Project("{FAE04EC0-301F-11D3-BF4B-00C04F79EFBC}") = "AuthService.BLL", "AuthService.BLL\AuthService.BLL.csproj", "{23BBFB66-73C5-4940-85A3-C96CCC13CED5}"
EndProject
Project("{FAE04EC0-301F-11D3-BF4B-00C04F79EFBC}") = "AuthService.DAL", "AuthService.DAL\AuthService.DAL.csproj", "{D977164B-24E5-4FA8-8AE3-2D1AE0961390}"
EndProject
Project("{FAE04EC0-301F-11D3-BF4B-00C04F79EFBC}") = "AuthService.Consts", "AuthService.Consts\AuthService.Consts.csproj", "{4B27FE47-A2FC-4A31-B20C-ABCF0AC42575}"
EndProject
Project("{FAE04EC0-301F-11D3-BF4B-00C04F79EFBC}") = "AuthService.PostgresMigrator", "AuthService.PostgresMigrator\AuthService.PostgresMigrator.csproj", "{A51C971A-C5C4-42F2-8286-12866F0B8DCD}"
EndProject
Project("{2150E333-8FDC-42A3-9474-1A3956D46DE8}") = "BFF", "BFF", "{D5830292-9707-4DE1-8159-75743859777B}"
EndProject
Project("{FAE04EC0-301F-11D3-BF4B-00C04F79EFBC}") = "WebApi.BLL", "WebApi.BLL\WebApi.BLL.csproj", "{1E8E5164-A010-4DCE-9DD8-F80A30E6757C}"
EndProject
Project("{FAE04EC0-301F-11D3-BF4B-00C04F79EFBC}") = "WebApi.DAL", "WebApi.DAL\WebApi.DAL.csproj", "{37B55B52-A2B7-4938-9BBE-6EBDAFC330A7}"
EndProject
Project("{FAE04EC0-301F-11D3-BF4B-00C04F79EFBC}") = "Share", "Share\Share.csproj", "{74839A94-60CA-4EBC-868C-866A1C316B03}"
EndProject
Project("{2150E333-8FDC-42A3-9474-1A3956D46DE8}") = "DataManagerService", "DataManagerService", "{2E3CCA23-3ACA-4E3A-8307-7BF124429AD8}"
EndProject
Project("{FAE04EC0-301F-11D3-BF4B-00C04F79EFBC}") = "DataManagerService", "DataManagerService\DataManagerService.csproj", "{F6BBFC2E-883C-4C2A-BA3E-DCF27CFAF5ED}"
EndProject
Project("{FAE04EC0-301F-11D3-BF4B-00C04F79EFBC}") = "DataManagerService.BLL", "DataManagerService.BLL\DataManagerService.BLL.csproj", "{02E2580F-2D73-48B1-9669-EC0612494599}"
EndProject
Project("{FAE04EC0-301F-11D3-BF4B-00C04F79EFBC}") = "DataManagerService.DAL", "DataManagerService.DAL\DataManagerService.DAL.csproj", "{D0DD62E5-69BF-4DC2-B88E-05FA309C0008}"
EndProject
Project("{FAE04EC0-301F-11D3-BF4B-00C04F79EFBC}") = "DataManagerSevice.Common", "DataManagerSevice.Common\DataManagerSevice.Common.csproj", "{5EB46D60-8EBC-445F-BB22-8E06B8CE70AA}"
EndProject
Global
	GlobalSection(SolutionConfigurationPlatforms) = preSolution
		Debug|Any CPU = Debug|Any CPU
		Release|Any CPU = Release|Any CPU
	EndGlobalSection
	GlobalSection(ProjectConfigurationPlatforms) = postSolution
		{B8A7AF3D-9A43-4D73-B1A4-F8731DCC7976}.Debug|Any CPU.ActiveCfg = Debug|Any CPU
		{B8A7AF3D-9A43-4D73-B1A4-F8731DCC7976}.Debug|Any CPU.Build.0 = Debug|Any CPU
		{B8A7AF3D-9A43-4D73-B1A4-F8731DCC7976}.Release|Any CPU.ActiveCfg = Release|Any CPU
		{B8A7AF3D-9A43-4D73-B1A4-F8731DCC7976}.Release|Any CPU.Build.0 = Release|Any CPU
		{F832E68D-2011-4B3D-A4DD-72B8BBB682C3}.Debug|Any CPU.ActiveCfg = Debug|Any CPU
		{F832E68D-2011-4B3D-A4DD-72B8BBB682C3}.Debug|Any CPU.Build.0 = Debug|Any CPU
		{F832E68D-2011-4B3D-A4DD-72B8BBB682C3}.Release|Any CPU.ActiveCfg = Release|Any CPU
		{F832E68D-2011-4B3D-A4DD-72B8BBB682C3}.Release|Any CPU.Build.0 = Release|Any CPU
		{23BBFB66-73C5-4940-85A3-C96CCC13CED5}.Debug|Any CPU.ActiveCfg = Debug|Any CPU
		{23BBFB66-73C5-4940-85A3-C96CCC13CED5}.Debug|Any CPU.Build.0 = Debug|Any CPU
		{23BBFB66-73C5-4940-85A3-C96CCC13CED5}.Release|Any CPU.ActiveCfg = Release|Any CPU
		{23BBFB66-73C5-4940-85A3-C96CCC13CED5}.Release|Any CPU.Build.0 = Release|Any CPU
		{D977164B-24E5-4FA8-8AE3-2D1AE0961390}.Debug|Any CPU.ActiveCfg = Debug|Any CPU
		{D977164B-24E5-4FA8-8AE3-2D1AE0961390}.Debug|Any CPU.Build.0 = Debug|Any CPU
		{D977164B-24E5-4FA8-8AE3-2D1AE0961390}.Release|Any CPU.ActiveCfg = Release|Any CPU
		{D977164B-24E5-4FA8-8AE3-2D1AE0961390}.Release|Any CPU.Build.0 = Release|Any CPU
		{4B27FE47-A2FC-4A31-B20C-ABCF0AC42575}.Debug|Any CPU.ActiveCfg = Debug|Any CPU
		{4B27FE47-A2FC-4A31-B20C-ABCF0AC42575}.Debug|Any CPU.Build.0 = Debug|Any CPU
		{4B27FE47-A2FC-4A31-B20C-ABCF0AC42575}.Release|Any CPU.ActiveCfg = Release|Any CPU
		{4B27FE47-A2FC-4A31-B20C-ABCF0AC42575}.Release|Any CPU.Build.0 = Release|Any CPU
		{A51C971A-C5C4-42F2-8286-12866F0B8DCD}.Debug|Any CPU.ActiveCfg = Debug|Any CPU
		{A51C971A-C5C4-42F2-8286-12866F0B8DCD}.Debug|Any CPU.Build.0 = Debug|Any CPU
		{A51C971A-C5C4-42F2-8286-12866F0B8DCD}.Release|Any CPU.ActiveCfg = Release|Any CPU
		{A51C971A-C5C4-42F2-8286-12866F0B8DCD}.Release|Any CPU.Build.0 = Release|Any CPU
		{1E8E5164-A010-4DCE-9DD8-F80A30E6757C}.Debug|Any CPU.ActiveCfg = Debug|Any CPU
		{1E8E5164-A010-4DCE-9DD8-F80A30E6757C}.Debug|Any CPU.Build.0 = Debug|Any CPU
		{1E8E5164-A010-4DCE-9DD8-F80A30E6757C}.Release|Any CPU.ActiveCfg = Release|Any CPU
		{1E8E5164-A010-4DCE-9DD8-F80A30E6757C}.Release|Any CPU.Build.0 = Release|Any CPU
		{37B55B52-A2B7-4938-9BBE-6EBDAFC330A7}.Debug|Any CPU.ActiveCfg = Debug|Any CPU
		{37B55B52-A2B7-4938-9BBE-6EBDAFC330A7}.Debug|Any CPU.Build.0 = Debug|Any CPU
		{37B55B52-A2B7-4938-9BBE-6EBDAFC330A7}.Release|Any CPU.ActiveCfg = Release|Any CPU
		{37B55B52-A2B7-4938-9BBE-6EBDAFC330A7}.Release|Any CPU.Build.0 = Release|Any CPU
		{74839A94-60CA-4EBC-868C-866A1C316B03}.Debug|Any CPU.ActiveCfg = Debug|Any CPU
		{74839A94-60CA-4EBC-868C-866A1C316B03}.Debug|Any CPU.Build.0 = Debug|Any CPU
		{74839A94-60CA-4EBC-868C-866A1C316B03}.Release|Any CPU.ActiveCfg = Release|Any CPU
		{74839A94-60CA-4EBC-868C-866A1C316B03}.Release|Any CPU.Build.0 = Release|Any CPU
		{F6BBFC2E-883C-4C2A-BA3E-DCF27CFAF5ED}.Debug|Any CPU.ActiveCfg = Debug|Any CPU
		{F6BBFC2E-883C-4C2A-BA3E-DCF27CFAF5ED}.Debug|Any CPU.Build.0 = Debug|Any CPU
		{F6BBFC2E-883C-4C2A-BA3E-DCF27CFAF5ED}.Release|Any CPU.ActiveCfg = Release|Any CPU
		{F6BBFC2E-883C-4C2A-BA3E-DCF27CFAF5ED}.Release|Any CPU.Build.0 = Release|Any CPU
		{02E2580F-2D73-48B1-9669-EC0612494599}.Debug|Any CPU.ActiveCfg = Debug|Any CPU
		{02E2580F-2D73-48B1-9669-EC0612494599}.Debug|Any CPU.Build.0 = Debug|Any CPU
		{02E2580F-2D73-48B1-9669-EC0612494599}.Release|Any CPU.ActiveCfg = Release|Any CPU
		{02E2580F-2D73-48B1-9669-EC0612494599}.Release|Any CPU.Build.0 = Release|Any CPU
		{D0DD62E5-69BF-4DC2-B88E-05FA309C0008}.Debug|Any CPU.ActiveCfg = Debug|Any CPU
		{D0DD62E5-69BF-4DC2-B88E-05FA309C0008}.Debug|Any CPU.Build.0 = Debug|Any CPU
		{D0DD62E5-69BF-4DC2-B88E-05FA309C0008}.Release|Any CPU.ActiveCfg = Release|Any CPU
		{D0DD62E5-69BF-4DC2-B88E-05FA309C0008}.Release|Any CPU.Build.0 = Release|Any CPU
		{5EB46D60-8EBC-445F-BB22-8E06B8CE70AA}.Debug|Any CPU.ActiveCfg = Debug|Any CPU
		{5EB46D60-8EBC-445F-BB22-8E06B8CE70AA}.Debug|Any CPU.Build.0 = Debug|Any CPU
		{5EB46D60-8EBC-445F-BB22-8E06B8CE70AA}.Release|Any CPU.ActiveCfg = Release|Any CPU
		{5EB46D60-8EBC-445F-BB22-8E06B8CE70AA}.Release|Any CPU.Build.0 = Release|Any CPU
	EndGlobalSection
	GlobalSection(NestedProjects) = preSolution
		{F832E68D-2011-4B3D-A4DD-72B8BBB682C3} = {74AD39E9-E519-4A68-A9F2-80EB929CAE98}
		{23BBFB66-73C5-4940-85A3-C96CCC13CED5} = {74AD39E9-E519-4A68-A9F2-80EB929CAE98}
		{D977164B-24E5-4FA8-8AE3-2D1AE0961390} = {74AD39E9-E519-4A68-A9F2-80EB929CAE98}
		{4B27FE47-A2FC-4A31-B20C-ABCF0AC42575} = {74AD39E9-E519-4A68-A9F2-80EB929CAE98}
		{A51C971A-C5C4-42F2-8286-12866F0B8DCD} = {74AD39E9-E519-4A68-A9F2-80EB929CAE98}
		{B8A7AF3D-9A43-4D73-B1A4-F8731DCC7976} = {D5830292-9707-4DE1-8159-75743859777B}
		{1E8E5164-A010-4DCE-9DD8-F80A30E6757C} = {D5830292-9707-4DE1-8159-75743859777B}
		{37B55B52-A2B7-4938-9BBE-6EBDAFC330A7} = {D5830292-9707-4DE1-8159-75743859777B}
		{F6BBFC2E-883C-4C2A-BA3E-DCF27CFAF5ED} = {2E3CCA23-3ACA-4E3A-8307-7BF124429AD8}
		{02E2580F-2D73-48B1-9669-EC0612494599} = {2E3CCA23-3ACA-4E3A-8307-7BF124429AD8}
		{D0DD62E5-69BF-4DC2-B88E-05FA309C0008} = {2E3CCA23-3ACA-4E3A-8307-7BF124429AD8}
		{5EB46D60-8EBC-445F-BB22-8E06B8CE70AA} = {2E3CCA23-3ACA-4E3A-8307-7BF124429AD8}
	EndGlobalSection
EndGlobal
